// !$*UTF8*$!
{
	archiveVersion = 1;
	classes = {
	};
	objectVersion = 51;
	objects = {

/* Begin PBXBuildFile section */
		017DF6A2E9BE49810A4C7974 /* Pods_News.framework in Frameworks */ = {isa = PBXBuildFile; fileRef = 513DDE15F3FF1098E94873BC /* Pods_News.framework */; };
		500A51102484BF7200200A3C /* AppDelegate.m in Sources */ = {isa = PBXBuildFile; fileRef = 500A510F2484BF7200200A3C /* AppDelegate.m */; };
		500A51132484BF7200200A3C /* SceneDelegate.m in Sources */ = {isa = PBXBuildFile; fileRef = 500A51122484BF7200200A3C /* SceneDelegate.m */; };
		500A511B2484BF7300200A3C /* Assets.xcassets in Resources */ = {isa = PBXBuildFile; fileRef = 500A511A2484BF7300200A3C /* Assets.xcassets */; };
		500A511E2484BF7300200A3C /* LaunchScreen.storyboard in Resources */ = {isa = PBXBuildFile; fileRef = 500A511C2484BF7300200A3C /* LaunchScreen.storyboard */; };
		500A51212484BF7300200A3C /* main.m in Sources */ = {isa = PBXBuildFile; fileRef = 500A51202484BF7300200A3C /* main.m */; };
		500A51292484BFCC00200A3C /* SearchController.m in Sources */ = {isa = PBXBuildFile; fileRef = 500A51282484BFCC00200A3C /* SearchController.m */; };
		500A512C2484C12C00200A3C /* SearchView.m in Sources */ = {isa = PBXBuildFile; fileRef = 500A512B2484C12C00200A3C /* SearchView.m */; };
		500A512F2484D03400200A3C /* DetailController.m in Sources */ = {isa = PBXBuildFile; fileRef = 500A512E2484D03400200A3C /* DetailController.m */; };
		500A51322484D35300200A3C /* News.m in Sources */ = {isa = PBXBuildFile; fileRef = 500A51312484D35300200A3C /* News.m */; };
		500A513A2484D5DE00200A3C /* NetworkService.m in Sources */ = {isa = PBXBuildFile; fileRef = 500A51392484D5DE00200A3C /* NetworkService.m */; };
		500A51412484EA6D00200A3C /* DetailView.m in Sources */ = {isa = PBXBuildFile; fileRef = 500A51402484EA6D00200A3C /* DetailView.m */; };
		500A51442484F7E200200A3C /* ImageDownloader.m in Sources */ = {isa = PBXBuildFile; fileRef = 500A51432484F7E200200A3C /* ImageDownloader.m */; };
		500A5147248520D200200A3C /* SearchCell.m in Sources */ = {isa = PBXBuildFile; fileRef = 500A5146248520D200200A3C /* SearchCell.m */; };
/* End PBXBuildFile section */

/* Begin PBXFileReference section */
		500A510B2484BF7200200A3C /* News.app */ = {isa = PBXFileReference; explicitFileType = wrapper.application; includeInIndex = 0; path = News.app; sourceTree = BUILT_PRODUCTS_DIR; };
		500A510E2484BF7200200A3C /* AppDelegate.h */ = {isa = PBXFileReference; lastKnownFileType = sourcecode.c.h; path = AppDelegate.h; sourceTree = "<group>"; };
		500A510F2484BF7200200A3C /* AppDelegate.m */ = {isa = PBXFileReference; lastKnownFileType = sourcecode.c.objc; path = AppDelegate.m; sourceTree = "<group>"; };
		500A51112484BF7200200A3C /* SceneDelegate.h */ = {isa = PBXFileReference; lastKnownFileType = sourcecode.c.h; path = SceneDelegate.h; sourceTree = "<group>"; };
		500A51122484BF7200200A3C /* SceneDelegate.m */ = {isa = PBXFileReference; lastKnownFileType = sourcecode.c.objc; path = SceneDelegate.m; sourceTree = "<group>"; };
		500A511A2484BF7300200A3C /* Assets.xcassets */ = {isa = PBXFileReference; lastKnownFileType = folder.assetcatalog; path = Assets.xcassets; sourceTree = "<group>"; };
		500A511D2484BF7300200A3C /* Base */ = {isa = PBXFileReference; lastKnownFileType = file.storyboard; name = Base; path = Base.lproj/LaunchScreen.storyboard; sourceTree = "<group>"; };
		500A511F2484BF7300200A3C /* Info.plist */ = {isa = PBXFileReference; lastKnownFileType = text.plist.xml; path = Info.plist; sourceTree = "<group>"; };
		500A51202484BF7300200A3C /* main.m */ = {isa = PBXFileReference; lastKnownFileType = sourcecode.c.objc; path = main.m; sourceTree = "<group>"; };
		500A51272484BFCC00200A3C /* SearchController.h */ = {isa = PBXFileReference; lastKnownFileType = sourcecode.c.h; path = SearchController.h; sourceTree = "<group>"; };
		500A51282484BFCC00200A3C /* SearchController.m */ = {isa = PBXFileReference; lastKnownFileType = sourcecode.c.objc; path = SearchController.m; sourceTree = "<group>"; };
		500A512A2484C12C00200A3C /* SearchView.h */ = {isa = PBXFileReference; lastKnownFileType = sourcecode.c.h; path = SearchView.h; sourceTree = "<group>"; };
		500A512B2484C12C00200A3C /* SearchView.m */ = {isa = PBXFileReference; lastKnownFileType = sourcecode.c.objc; path = SearchView.m; sourceTree = "<group>"; };
		500A512D2484D03400200A3C /* DetailController.h */ = {isa = PBXFileReference; lastKnownFileType = sourcecode.c.h; path = DetailController.h; sourceTree = "<group>"; };
		500A512E2484D03400200A3C /* DetailController.m */ = {isa = PBXFileReference; lastKnownFileType = sourcecode.c.objc; path = DetailController.m; sourceTree = "<group>"; };
		500A51302484D35300200A3C /* News.h */ = {isa = PBXFileReference; lastKnownFileType = sourcecode.c.h; path = News.h; sourceTree = "<group>"; };
		500A51312484D35300200A3C /* News.m */ = {isa = PBXFileReference; lastKnownFileType = sourcecode.c.objc; path = News.m; sourceTree = "<group>"; };
		500A51382484D5DE00200A3C /* NetworkService.h */ = {isa = PBXFileReference; lastKnownFileType = sourcecode.c.h; path = NetworkService.h; sourceTree = "<group>"; };
		500A51392484D5DE00200A3C /* NetworkService.m */ = {isa = PBXFileReference; lastKnownFileType = sourcecode.c.objc; path = NetworkService.m; sourceTree = "<group>"; };
		500A513F2484EA6D00200A3C /* DetailView.h */ = {isa = PBXFileReference; lastKnownFileType = sourcecode.c.h; path = DetailView.h; sourceTree = "<group>"; };
		500A51402484EA6D00200A3C /* DetailView.m */ = {isa = PBXFileReference; lastKnownFileType = sourcecode.c.objc; path = DetailView.m; sourceTree = "<group>"; };
		500A51422484F7E200200A3C /* ImageDownloader.h */ = {isa = PBXFileReference; fileEncoding = 4; lastKnownFileType = sourcecode.c.h; path = ImageDownloader.h; sourceTree = "<group>"; };
		500A51432484F7E200200A3C /* ImageDownloader.m */ = {isa = PBXFileReference; fileEncoding = 4; lastKnownFileType = sourcecode.c.objc; path = ImageDownloader.m; sourceTree = "<group>"; };
		500A5145248520D200200A3C /* SearchCell.h */ = {isa = PBXFileReference; lastKnownFileType = sourcecode.c.h; path = SearchCell.h; sourceTree = "<group>"; };
		500A5146248520D200200A3C /* SearchCell.m */ = {isa = PBXFileReference; lastKnownFileType = sourcecode.c.objc; path = SearchCell.m; sourceTree = "<group>"; };
		513DDE15F3FF1098E94873BC /* Pods_News.framework */ = {isa = PBXFileReference; explicitFileType = wrapper.framework; includeInIndex = 0; path = Pods_News.framework; sourceTree = BUILT_PRODUCTS_DIR; };
		8412D67F3291227D72695915 /* Pods-News.debug.xcconfig */ = {isa = PBXFileReference; includeInIndex = 1; lastKnownFileType = text.xcconfig; name = "Pods-News.debug.xcconfig"; path = "Target Support Files/Pods-News/Pods-News.debug.xcconfig"; sourceTree = "<group>"; };
		C255A4D31EF85097A752E9DC /* Pods-News.release.xcconfig */ = {isa = PBXFileReference; includeInIndex = 1; lastKnownFileType = text.xcconfig; name = "Pods-News.release.xcconfig"; path = "Target Support Files/Pods-News/Pods-News.release.xcconfig"; sourceTree = "<group>"; };
/* End PBXFileReference section */

/* Begin PBXFrameworksBuildPhase section */
		500A51082484BF7200200A3C /* Frameworks */ = {
			isa = PBXFrameworksBuildPhase;
			buildActionMask = 2147483647;
			files = (
				017DF6A2E9BE49810A4C7974 /* Pods_News.framework in Frameworks */,
			);
			runOnlyForDeploymentPostprocessing = 0;
		};
/* End PBXFrameworksBuildPhase section */

/* Begin PBXGroup section */
		0FE12C02443C2423AD205A6E /* Frameworks */ = {
			isa = PBXGroup;
			children = (
				513DDE15F3FF1098E94873BC /* Pods_News.framework */,
			);
			name = Frameworks;
			sourceTree = "<group>";
		};
		500A51022484BF7200200A3C = {
			isa = PBXGroup;
			children = (
				500A510D2484BF7200200A3C /* News */,
				500A510C2484BF7200200A3C /* Products */,
				D081F7EBE8F94E220BC86B02 /* Pods */,
				0FE12C02443C2423AD205A6E /* Frameworks */,
			);
			sourceTree = "<group>";
		};
		500A510C2484BF7200200A3C /* Products */ = {
			isa = PBXGroup;
			children = (
				500A510B2484BF7200200A3C /* News.app */,
			);
			name = Products;
			sourceTree = "<group>";
		};
		500A510D2484BF7200200A3C /* News */ = {
			isa = PBXGroup;
			children = (
				500A51332484D35900200A3C /* Core */,
				500A51342484D36800200A3C /* Models */,
				500A513E2484EA3200200A3C /* Services */,
				500A513B2484E9E100200A3C /* Flows */,
				500A511A2484BF7300200A3C /* Assets.xcassets */,
				500A511C2484BF7300200A3C /* LaunchScreen.storyboard */,
				500A511F2484BF7300200A3C /* Info.plist */,
				500A51202484BF7300200A3C /* main.m */,
			);
			path = News;
			sourceTree = "<group>";
		};
		500A51332484D35900200A3C /* Core */ = {
			isa = PBXGroup;
			children = (
				500A510E2484BF7200200A3C /* AppDelegate.h */,
				500A510F2484BF7200200A3C /* AppDelegate.m */,
				500A51112484BF7200200A3C /* SceneDelegate.h */,
				500A51122484BF7200200A3C /* SceneDelegate.m */,
			);
			path = Core;
			sourceTree = "<group>";
		};
		500A51342484D36800200A3C /* Models */ = {
			isa = PBXGroup;
			children = (
				500A51302484D35300200A3C /* News.h */,
				500A51312484D35300200A3C /* News.m */,
			);
			path = Models;
			sourceTree = "<group>";
		};
		500A513B2484E9E100200A3C /* Flows */ = {
			isa = PBXGroup;
			children = (
				500A513D2484EA1800200A3C /* Detail */,
				500A513C2484E9EF00200A3C /* Search */,
			);
			path = Flows;
			sourceTree = "<group>";
		};
		500A513C2484E9EF00200A3C /* Search */ = {
			isa = PBXGroup;
			children = (
				500A5145248520D200200A3C /* SearchCell.h */,
				500A5146248520D200200A3C /* SearchCell.m */,
				500A512A2484C12C00200A3C /* SearchView.h */,
				500A512B2484C12C00200A3C /* SearchView.m */,
				500A51272484BFCC00200A3C /* SearchController.h */,
				500A51282484BFCC00200A3C /* SearchController.m */,
			);
			path = Search;
			sourceTree = "<group>";
		};
		500A513D2484EA1800200A3C /* Detail */ = {
			isa = PBXGroup;
			children = (
				500A513F2484EA6D00200A3C /* DetailView.h */,
				500A51402484EA6D00200A3C /* DetailView.m */,
				500A512D2484D03400200A3C /* DetailController.h */,
				500A512E2484D03400200A3C /* DetailController.m */,
			);
			path = Detail;
			sourceTree = "<group>";
		};
		500A513E2484EA3200200A3C /* Services */ = {
			isa = PBXGroup;
			children = (
				500A51422484F7E200200A3C /* ImageDownloader.h */,
				500A51432484F7E200200A3C /* ImageDownloader.m */,
				500A51382484D5DE00200A3C /* NetworkService.h */,
				500A51392484D5DE00200A3C /* NetworkService.m */,
			);
			path = Services;
			sourceTree = "<group>";
		};
		D081F7EBE8F94E220BC86B02 /* Pods */ = {
			isa = PBXGroup;
			children = (
				8412D67F3291227D72695915 /* Pods-News.debug.xcconfig */,
				C255A4D31EF85097A752E9DC /* Pods-News.release.xcconfig */,
			);
			path = Pods;
			sourceTree = "<group>";
		};
/* End PBXGroup section */

/* Begin PBXNativeTarget section */
		500A510A2484BF7200200A3C /* News */ = {
			isa = PBXNativeTarget;
			buildConfigurationList = 500A51242484BF7300200A3C /* Build configuration list for PBXNativeTarget "News" */;
			buildPhases = (
				B2E1B932E86E1FE1DE19BB89 /* [CP] Check Pods Manifest.lock */,
				500A51072484BF7200200A3C /* Sources */,
				500A51082484BF7200200A3C /* Frameworks */,
				500A51092484BF7200200A3C /* Resources */,
				FC3F8BD938B47EA56868D085 /* [CP] Embed Pods Frameworks */,
			);
			buildRules = (
			);
			dependencies = (
			);
			name = News;
			productName = News;
			productReference = 500A510B2484BF7200200A3C /* News.app */;
			productType = "com.apple.product-type.application";
		};
/* End PBXNativeTarget section */

/* Begin PBXProject section */
		500A51032484BF7200200A3C /* Project object */ = {
			isa = PBXProject;
			attributes = {
				LastUpgradeCheck = 1130;
				ORGANIZATIONNAME = "Maksim Romanov";
				TargetAttributes = {
					500A510A2484BF7200200A3C = {
						CreatedOnToolsVersion = 11.3.1;
					};
				};
			};
			buildConfigurationList = 500A51062484BF7200200A3C /* Build configuration list for PBXProject "News" */;
			compatibilityVersion = "Xcode 9.3";
			developmentRegion = en;
			hasScannedForEncodings = 0;
			knownRegions = (
				en,
				Base,
			);
			mainGroup = 500A51022484BF7200200A3C;
			productRefGroup = 500A510C2484BF7200200A3C /* Products */;
			projectDirPath = "";
			projectRoot = "";
			targets = (
				500A510A2484BF7200200A3C /* News */,
			);
		};
/* End PBXProject section */

/* Begin PBXResourcesBuildPhase section */
		500A51092484BF7200200A3C /* Resources */ = {
			isa = PBXResourcesBuildPhase;
			buildActionMask = 2147483647;
			files = (
				500A511E2484BF7300200A3C /* LaunchScreen.storyboard in Resources */,
				500A511B2484BF7300200A3C /* Assets.xcassets in Resources */,
			);
			runOnlyForDeploymentPostprocessing = 0;
		};
/* End PBXResourcesBuildPhase section */

/* Begin PBXShellScriptBuildPhase section */
		B2E1B932E86E1FE1DE19BB89 /* [CP] Check Pods Manifest.lock */ = {
			isa = PBXShellScriptBuildPhase;
			buildActionMask = 2147483647;
			files = (
			);
			inputFileListPaths = (
			);
			inputPaths = (
				"${PODS_PODFILE_DIR_PATH}/Podfile.lock",
				"${PODS_ROOT}/Manifest.lock",
			);
			name = "[CP] Check Pods Manifest.lock";
			outputFileListPaths = (
			);
			outputPaths = (
				"$(DERIVED_FILE_DIR)/Pods-News-checkManifestLockResult.txt",
			);
			runOnlyForDeploymentPostprocessing = 0;
			shellPath = /bin/sh;
			shellScript = "diff \"${PODS_PODFILE_DIR_PATH}/Podfile.lock\" \"${PODS_ROOT}/Manifest.lock\" > /dev/null\nif [ $? != 0 ] ; then\n    # print error to STDERR\n    echo \"error: The sandbox is not in sync with the Podfile.lock. Run 'pod install' or update your CocoaPods installation.\" >&2\n    exit 1\nfi\n# This output is used by Xcode 'outputs' to avoid re-running this script phase.\necho \"SUCCESS\" > \"${SCRIPT_OUTPUT_FILE_0}\"\n";
			showEnvVarsInLog = 0;
		};
		FC3F8BD938B47EA56868D085 /* [CP] Embed Pods Frameworks */ = {
			isa = PBXShellScriptBuildPhase;
			buildActionMask = 2147483647;
			files = (
			);
			inputFileListPaths = (
				"${PODS_ROOT}/Target Support Files/Pods-News/Pods-News-frameworks-${CONFIGURATION}-input-files.xcfilelist",
			);
			name = "[CP] Embed Pods Frameworks";
			outputFileListPaths = (
				"${PODS_ROOT}/Target Support Files/Pods-News/Pods-News-frameworks-${CONFIGURATION}-output-files.xcfilelist",
			);
			runOnlyForDeploymentPostprocessing = 0;
			shellPath = /bin/sh;
			shellScript = "\"${PODS_ROOT}/Target Support Files/Pods-News/Pods-News-frameworks.sh\"\n";
			showEnvVarsInLog = 0;
		};
/* End PBXShellScriptBuildPhase section */

/* Begin PBXSourcesBuildPhase section */
		500A51072484BF7200200A3C /* Sources */ = {
			isa = PBXSourcesBuildPhase;
			buildActionMask = 2147483647;
			files = (
				500A5147248520D200200A3C /* SearchCell.m in Sources */,
				500A51102484BF7200200A3C /* AppDelegate.m in Sources */,
				500A51322484D35300200A3C /* News.m in Sources */,
				500A51442484F7E200200A3C /* ImageDownloader.m in Sources */,
				500A51412484EA6D00200A3C /* DetailView.m in Sources */,
				500A51212484BF7300200A3C /* main.m in Sources */,
				500A512F2484D03400200A3C /* DetailController.m in Sources */,
				500A51132484BF7200200A3C /* SceneDelegate.m in Sources */,
				500A512C2484C12C00200A3C /* SearchView.m in Sources */,
				500A513A2484D5DE00200A3C /* NetworkService.m in Sources */,
				500A51292484BFCC00200A3C /* SearchController.m in Sources */,
			);
			runOnlyForDeploymentPostprocessing = 0;
		};
/* End PBXSourcesBuildPhase section */

/* Begin PBXVariantGroup section */
		500A511C2484BF7300200A3C /* LaunchScreen.storyboard */ = {
			isa = PBXVariantGroup;
			children = (
				500A511D2484BF7300200A3C /* Base */,
			);
			name = LaunchScreen.storyboard;
			sourceTree = "<group>";
		};
/* End PBXVariantGroup section */

/* Begin XCBuildConfiguration section */
		500A51222484BF7300200A3C /* Debug */ = {
			isa = XCBuildConfiguration;
			buildSettings = {
				ALWAYS_SEARCH_USER_PATHS = NO;
				CLANG_ANALYZER_NONNULL = YES;
				CLANG_ANALYZER_NUMBER_OBJECT_CONVERSION = YES_AGGRESSIVE;
				CLANG_CXX_LANGUAGE_STANDARD = "gnu++14";
				CLANG_CXX_LIBRARY = "libc++";
				CLANG_ENABLE_MODULES = YES;
				CLANG_ENABLE_OBJC_ARC = YES;
				CLANG_ENABLE_OBJC_WEAK = YES;
				CLANG_WARN_BLOCK_CAPTURE_AUTORELEASING = YES;
				CLANG_WARN_BOOL_CONVERSION = YES;
				CLANG_WARN_COMMA = YES;
				CLANG_WARN_CONSTANT_CONVERSION = YES;
				CLANG_WARN_DEPRECATED_OBJC_IMPLEMENTATIONS = YES;
				CLANG_WARN_DIRECT_OBJC_ISA_USAGE = YES_ERROR;
				CLANG_WARN_DOCUMENTATION_COMMENTS = YES;
				CLANG_WARN_EMPTY_BODY = YES;
				CLANG_WARN_ENUM_CONVERSION = YES;
				CLANG_WARN_INFINITE_RECURSION = YES;
				CLANG_WARN_INT_CONVERSION = YES;
				CLANG_WARN_NON_LITERAL_NULL_CONVERSION = YES;
				CLANG_WARN_OBJC_IMPLICIT_RETAIN_SELF = YES;
				CLANG_WARN_OBJC_LITERAL_CONVERSION = YES;
				CLANG_WARN_OBJC_ROOT_CLASS = YES_ERROR;
				CLANG_WARN_RANGE_LOOP_ANALYSIS = YES;
				CLANG_WARN_STRICT_PROTOTYPES = YES;
				CLANG_WARN_SUSPICIOUS_MOVE = YES;
				CLANG_WARN_UNGUARDED_AVAILABILITY = YES_AGGRESSIVE;
				CLANG_WARN_UNREACHABLE_CODE = YES;
				CLANG_WARN__DUPLICATE_METHOD_MATCH = YES;
				COPY_PHASE_STRIP = NO;
				DEBUG_INFORMATION_FORMAT = dwarf;
				ENABLE_BITCODE = NO;
				ENABLE_STRICT_OBJC_MSGSEND = YES;
				ENABLE_TESTABILITY = YES;
				GCC_C_LANGUAGE_STANDARD = gnu11;
				GCC_DYNAMIC_NO_PIC = NO;
				GCC_NO_COMMON_BLOCKS = YES;
				GCC_OPTIMIZATION_LEVEL = 0;
				GCC_PREPROCESSOR_DEFINITIONS = (
					"DEBUG=1",
					"$(inherited)",
				);
				GCC_WARN_64_TO_32_BIT_CONVERSION = YES;
				GCC_WARN_ABOUT_RETURN_TYPE = YES_ERROR;
				GCC_WARN_UNDECLARED_SELECTOR = YES;
				GCC_WARN_UNINITIALIZED_AUTOS = YES_AGGRESSIVE;
				GCC_WARN_UNUSED_FUNCTION = YES;
				GCC_WARN_UNUSED_VARIABLE = YES;
				IPHONEOS_DEPLOYMENT_TARGET = 13.1;
				MTL_ENABLE_DEBUG_INFO = INCLUDE_SOURCE;
				MTL_FAST_MATH = YES;
				ONLY_ACTIVE_ARCH = YES;
				SDKROOT = iphoneos;
			};
			name = Debug;
		};
		500A51232484BF7300200A3C /* Release */ = {
			isa = XCBuildConfiguration;
			buildSettings = {
				ALWAYS_SEARCH_USER_PATHS = NO;
				CLANG_ANALYZER_NONNULL = YES;
				CLANG_ANALYZER_NUMBER_OBJECT_CONVERSION = YES_AGGRESSIVE;
				CLANG_CXX_LANGUAGE_STANDARD = "gnu++14";
				CLANG_CXX_LIBRARY = "libc++";
				CLANG_ENABLE_MODULES = YES;
				CLANG_ENABLE_OBJC_ARC = YES;
				CLANG_ENABLE_OBJC_WEAK = YES;
				CLANG_WARN_BLOCK_CAPTURE_AUTORELEASING = YES;
				CLANG_WARN_BOOL_CONVERSION = YES;
				CLANG_WARN_COMMA = YES;
				CLANG_WARN_CONSTANT_CONVERSION = YES;
				CLANG_WARN_DEPRECATED_OBJC_IMPLEMENTATIONS = YES;
				CLANG_WARN_DIRECT_OBJC_ISA_USAGE = YES_ERROR;
				CLANG_WARN_DOCUMENTATION_COMMENTS = YES;
				CLANG_WARN_EMPTY_BODY = YES;
				CLANG_WARN_ENUM_CONVERSION = YES;
				CLANG_WARN_INFINITE_RECURSION = YES;
				CLANG_WARN_INT_CONVERSION = YES;
				CLANG_WARN_NON_LITERAL_NULL_CONVERSION = YES;
				CLANG_WARN_OBJC_IMPLICIT_RETAIN_SELF = YES;
				CLANG_WARN_OBJC_LITERAL_CONVERSION = YES;
				CLANG_WARN_OBJC_ROOT_CLASS = YES_ERROR;
				CLANG_WARN_RANGE_LOOP_ANALYSIS = YES;
				CLANG_WARN_STRICT_PROTOTYPES = YES;
				CLANG_WARN_SUSPICIOUS_MOVE = YES;
				CLANG_WARN_UNGUARDED_AVAILABILITY = YES_AGGRESSIVE;
				CLANG_WARN_UNREACHABLE_CODE = YES;
				CLANG_WARN__DUPLICATE_METHOD_MATCH = YES;
				COPY_PHASE_STRIP = NO;
				DEBUG_INFORMATION_FORMAT = "dwarf-with-dsym";
				ENABLE_BITCODE = NO;
				ENABLE_NS_ASSERTIONS = NO;
				ENABLE_STRICT_OBJC_MSGSEND = YES;
				GCC_C_LANGUAGE_STANDARD = gnu11;
				GCC_NO_COMMON_BLOCKS = YES;
				GCC_WARN_64_TO_32_BIT_CONVERSION = YES;
				GCC_WARN_ABOUT_RETURN_TYPE = YES_ERROR;
				GCC_WARN_UNDECLARED_SELECTOR = YES;
				GCC_WARN_UNINITIALIZED_AUTOS = YES_AGGRESSIVE;
				GCC_WARN_UNUSED_FUNCTION = YES;
				GCC_WARN_UNUSED_VARIABLE = YES;
				IPHONEOS_DEPLOYMENT_TARGET = 13.1;
				MTL_ENABLE_DEBUG_INFO = NO;
				MTL_FAST_MATH = YES;
				SDKROOT = iphoneos;
				VALIDATE_PRODUCT = YES;
			};
			name = Release;
		};
		500A51252484BF7300200A3C /* Debug */ = {
			isa = XCBuildConfiguration;
			baseConfigurationReference = 8412D67F3291227D72695915 /* Pods-News.debug.xcconfig */;
			buildSettings = {
				ASSETCATALOG_COMPILER_APPICON_NAME = AppIcon;
				CODE_SIGN_STYLE = Automatic;
				DEVELOPMENT_TEAM = 3JD57QL5JP;
				INFOPLIST_FILE = News/Info.plist;
				LD_RUNPATH_SEARCH_PATHS = (
					"$(inherited)",
					"@executable_path/Frameworks",
				);
				PRODUCT_BUNDLE_IDENTIFIER = MR.News;
				PRODUCT_NAME = "$(TARGET_NAME)";
				TARGETED_DEVICE_FAMILY = "1,2";
			};
			name = Debug;
		};
		500A51262484BF7300200A3C /* Release */ = {
			isa = XCBuildConfiguration;
			baseConfigurationReference = C255A4D31EF85097A752E9DC /* Pods-News.release.xcconfig */;
			buildSettings = {
				ASSETCATALOG_COMPILER_APPICON_NAME = AppIcon;
				CODE_SIGN_STYLE = Automatic;
				DEVELOPMENT_TEAM = 3JD57QL5JP;
				INFOPLIST_FILE = News/Info.plist;
				LD_RUNPATH_SEARCH_PATHS = (
					"$(inherited)",
					"@executable_path/Frameworks",
				);
				PRODUCT_BUNDLE_IDENTIFIER = MR.News;
				PRODUCT_NAME = "$(TARGET_NAME)";
				TARGETED_DEVICE_FAMILY = "1,2";
			};
			name = Release;
		};
/* End XCBuildConfiguration section */

/* Begin XCConfigurationList section */
		500A51062484BF7200200A3C /* Build configuration list for PBXProject "News" */ = {
			isa = XCConfigurationList;
			buildConfigurations = (
				500A51222484BF7300200A3C /* Debug */,
				500A51232484BF7300200A3C /* Release */,
			);
			defaultConfigurationIsVisible = 0;
			defaultConfigurationName = Release;
		};
		500A51242484BF7300200A3C /* Build configuration list for PBXNativeTarget "News" */ = {
			isa = XCConfigurationList;
			buildConfigurations = (
				500A51252484BF7300200A3C /* Debug */,
				500A51262484BF7300200A3C /* Release */,
			);
			defaultConfigurationIsVisible = 0;
			defaultConfigurationName = Release;
		};
/* End XCConfigurationList section */
	};
	rootObject = 500A51032484BF7200200A3C /* Project object */;
}
